
Microsoft Visual Studio Solution File, Format Version 12.00
# Visual Studio 15
VisualStudioVersion = 15.0.27130.0
MinimumVisualStudioVersion = 10.0.40219.1
Project("{2150E333-8FDC-42A3-9474-1A3956D46DE8}") = "HTML", "HTML", "{22C04940-EC33-47DC-BB7B-D5B5C1237BC6}"
	ProjectSection(SolutionItems) = preProject
		html\PageElements\Snow.html = html\PageElements\Snow.html
	EndProjectSection
EndProject
Project("{2150E333-8FDC-42A3-9474-1A3956D46DE8}") = "JS", "JS", "{1834CC7D-522B-4875-832D-F31687A739E2}"
	ProjectSection(SolutionItems) = preProject
		js\PageHandler.js = js\PageHandler.js
		js\Snow Animation.js = js\Snow Animation.js
	EndProjectSection
EndProject
Global
	GlobalSection(SolutionProperties) = preSolution
		HideSolutionNode = FALSE
	EndGlobalSection
	GlobalSection(ExtensibilityGlobals) = postSolution
		SolutionGuid = {E572B625-7959-406B-89E1-F5DF3E3AFECF}
	EndGlobalSection
EndGlobal
